
Microsoft Visual Studio Solution File, Format Version 12.00
# Visual Studio 14
VisualStudioVersion = 14.0.25123.0
MinimumVisualStudioVersion = 10.0.40219.1
Project("{FAE04EC0-301F-11D3-BF4B-00C04F79EFBC}") = "SeleniumWebdriver", "SeleniumWebdriver\SeleniumWebdriver.csproj", "{DB76104B-AEEE-4DB5-ACCB-23E86F0E044F}"
EndProject
Project("{FAE04EC0-301F-11D3-BF4B-00C04F79EFBC}") = "LogHelper", "LogHelper\LogHelper.csproj", "{13B5FB68-CCDA-4332-96E1-AFFF120F416C}"
EndProject
Global
	GlobalSection(SolutionConfigurationPlatforms) = preSolution
		Debug|Any CPU = Debug|Any CPU
		Release|Any CPU = Release|Any CPU
	EndGlobalSection
	GlobalSection(ProjectConfigurationPlatforms) = postSolution
		{DB76104B-AEEE-4DB5-ACCB-23E86F0E044F}.Debug|Any CPU.ActiveCfg = Debug|Any CPU
		{DB76104B-AEEE-4DB5-ACCB-23E86F0E044F}.Debug|Any CPU.Build.0 = Debug|Any CPU
		{DB76104B-AEEE-4DB5-ACCB-23E86F0E044F}.Release|Any CPU.ActiveCfg = Release|Any CPU
		{DB76104B-AEEE-4DB5-ACCB-23E86F0E044F}.Release|Any CPU.Build.0 = Release|Any CPU
		{13B5FB68-CCDA-4332-96E1-AFFF120F416C}.Debug|Any CPU.ActiveCfg = Debug|Any CPU
		{13B5FB68-CCDA-4332-96E1-AFFF120F416C}.Debug|Any CPU.Build.0 = Debug|Any CPU
		{13B5FB68-CCDA-4332-96E1-AFFF120F416C}.Release|Any CPU.ActiveCfg = Release|Any CPU
		{13B5FB68-CCDA-4332-96E1-AFFF120F416C}.Release|Any CPU.Build.0 = Release|Any CPU
	EndGlobalSection
	GlobalSection(SolutionProperties) = preSolution
		HideSolutionNode = FALSE
	EndGlobalSection
EndGlobal
